
Microsoft Visual Studio Solution File, Format Version 12.00
# Visual Studio Version 16
VisualStudioVersion = 16.0.28902.138
MinimumVisualStudioVersion = 10.0.40219.1
Project("{9A19103F-16F7-4668-BE54-9A1E7A4F7556}") = "Todo.Blazor.Server", "Todo.Blazor.Server\Todo.Blazor.Server.csproj", "{626FD302-7067-47F9-995B-E0A1965B8774}"
EndProject
Project("{9A19103F-16F7-4668-BE54-9A1E7A4F7556}") = "Todo.Blazor.Client", "Todo.Blazor.Client\Todo.Blazor.Client.csproj", "{B4510ADB-2588-4A1A-A8F8-B532B71381B1}"
EndProject
Project("{9A19103F-16F7-4668-BE54-9A1E7A4F7556}") = "Todo.Blazor.Shared", "Todo.Blazor.Shared\Todo.Blazor.Shared.csproj", "{86C48802-C582-4AA4-85DD-A61079D8027A}"
EndProject
Global
	GlobalSection(SolutionConfigurationPlatforms) = preSolution
		Debug|Any CPU = Debug|Any CPU
		Release|Any CPU = Release|Any CPU
	EndGlobalSection
	GlobalSection(ProjectConfigurationPlatforms) = postSolution
		{626FD302-7067-47F9-995B-E0A1965B8774}.Debug|Any CPU.ActiveCfg = Debug|Any CPU
		{626FD302-7067-47F9-995B-E0A1965B8774}.Debug|Any CPU.Build.0 = Debug|Any CPU
		{626FD302-7067-47F9-995B-E0A1965B8774}.Release|Any CPU.ActiveCfg = Release|Any CPU
		{626FD302-7067-47F9-995B-E0A1965B8774}.Release|Any CPU.Build.0 = Release|Any CPU
		{B4510ADB-2588-4A1A-A8F8-B532B71381B1}.Debug|Any CPU.ActiveCfg = Debug|Any CPU
		{B4510ADB-2588-4A1A-A8F8-B532B71381B1}.Debug|Any CPU.Build.0 = Debug|Any CPU
		{B4510ADB-2588-4A1A-A8F8-B532B71381B1}.Release|Any CPU.ActiveCfg = Release|Any CPU
		{B4510ADB-2588-4A1A-A8F8-B532B71381B1}.Release|Any CPU.Build.0 = Release|Any CPU
		{86C48802-C582-4AA4-85DD-A61079D8027A}.Debug|Any CPU.ActiveCfg = Debug|Any CPU
		{86C48802-C582-4AA4-85DD-A61079D8027A}.Debug|Any CPU.Build.0 = Debug|Any CPU
		{86C48802-C582-4AA4-85DD-A61079D8027A}.Release|Any CPU.ActiveCfg = Release|Any CPU
		{86C48802-C582-4AA4-85DD-A61079D8027A}.Release|Any CPU.Build.0 = Release|Any CPU
	EndGlobalSection
	GlobalSection(SolutionProperties) = preSolution
		HideSolutionNode = FALSE
	EndGlobalSection
	GlobalSection(ExtensibilityGlobals) = postSolution
		SolutionGuid = {D8C5E2F6-7D59-4CD6-B198-15D53901AEDA}
	EndGlobalSection
EndGlobal
